
Microsoft Visual Studio Solution File, Format Version 12.00
# Visual Studio Version 17
VisualStudioVersion = 17.10.35013.160
MinimumVisualStudioVersion = 10.0.40219.1
Project("{FAE04EC0-301F-11D3-BF4B-00C04F79EFBC}") = "MultiTenancyDemo", "MultiTenancyDemo\MultiTenancyDemo.csproj", "{F4AF81B7-93C1-49B4-9A5A-34F5AB189CB3}"
EndProject
Global
	GlobalSection(SolutionConfigurationPlatforms) = preSolution
		Debug|Any CPU = Debug|Any CPU
		Release|Any CPU = Release|Any CPU
	EndGlobalSection
	GlobalSection(ProjectConfigurationPlatforms) = postSolution
		{F4AF81B7-93C1-49B4-9A5A-34F5AB189CB3}.Debug|Any CPU.ActiveCfg = Debug|Any CPU
		{F4AF81B7-93C1-49B4-9A5A-34F5AB189CB3}.Debug|Any CPU.Build.0 = Debug|Any CPU
		{F4AF81B7-93C1-49B4-9A5A-34F5AB189CB3}.Release|Any CPU.ActiveCfg = Release|Any CPU
		{F4AF81B7-93C1-49B4-9A5A-34F5AB189CB3}.Release|Any CPU.Build.0 = Release|Any CPU
	EndGlobalSection
	GlobalSection(SolutionProperties) = preSolution
		HideSolutionNode = FALSE
	EndGlobalSection
	GlobalSection(ExtensibilityGlobals) = postSolution
		SolutionGuid = {04F3A3F0-CA1C-4D6E-B294-815BCEB79B79}
	EndGlobalSection
EndGlobal
